
Microsoft Visual Studio Solution File, Format Version 12.00
# Visual Studio 15
VisualStudioVersion = 15.0.28307.329
MinimumVisualStudioVersion = 10.0.40219.1
Project("{2150E333-8FDC-42A3-9474-1A3956D46DE8}") = "Web", "Web", "{04FA0FEB-7655-45AB-94A8-C7DEA8768D78}"
EndProject
Project("{2150E333-8FDC-42A3-9474-1A3956D46DE8}") = "Data", "Data", "{24E99F15-8707-4AC3-9A96-B89728607294}"
EndProject
Project("{2150E333-8FDC-42A3-9474-1A3956D46DE8}") = "Common", "Common", "{2E1F4477-5A48-4010-8289-69F4833AD0D8}"
EndProject
Project("{2150E333-8FDC-42A3-9474-1A3956D46DE8}") = "Services", "Services", "{04255D70-EA18-4CAB-ACF7-597F7EE13294}"
EndProject
Project("{FAE04EC0-301F-11D3-BF4B-00C04F79EFBC}") = "BankSystem.Data", "Data\BankSystem.Data\BankSystem.Data.csproj", "{D18DBD6F-1E6A-42FD-8BB8-45DB5F5FCBAC}"
EndProject
Project("{FAE04EC0-301F-11D3-BF4B-00C04F79EFBC}") = "BankSystem.Models", "Data\BankSystem.Models\BankSystem.Models.csproj", "{DA4709FF-9B68-4CD8-9139-CBF5A3153F97}"
EndProject
Project("{FAE04EC0-301F-11D3-BF4B-00C04F79EFBC}") = "BankSystem.Services", "Services\BankSystem.Services\BankSystem.Services.csproj", "{0DDE5189-4FFB-413D-81C8-B3E3FE019A42}"
EndProject
Project("{FAE04EC0-301F-11D3-BF4B-00C04F79EFBC}") = "BankSystem.Services.Models", "Services\BankSystem.Services.Models\BankSystem.Services.Models.csproj", "{F66C54F7-F0D4-4CAC-B951-D8BAF1E7F2BB}"
EndProject
Project("{FAE04EC0-301F-11D3-BF4B-00C04F79EFBC}") = "BankSystem.Common", "Common\BankSystem.Common\BankSystem.Common.csproj", "{6F0E2DB1-1C80-46C9-958E-00CB0751EEE7}"
EndProject
Project("{FAE04EC0-301F-11D3-BF4B-00C04F79EFBC}") = "BankSystem.Web", "Web\BankSystem.Web\BankSystem.Web.csproj", "{07B5418A-D940-4C7F-8123-77F89A6BC323}"
EndProject
Global
	GlobalSection(SolutionConfigurationPlatforms) = preSolution
		Debug|Any CPU = Debug|Any CPU
		Release|Any CPU = Release|Any CPU
	EndGlobalSection
	GlobalSection(ProjectConfigurationPlatforms) = postSolution
		{D18DBD6F-1E6A-42FD-8BB8-45DB5F5FCBAC}.Debug|Any CPU.ActiveCfg = Debug|Any CPU
		{D18DBD6F-1E6A-42FD-8BB8-45DB5F5FCBAC}.Debug|Any CPU.Build.0 = Debug|Any CPU
		{D18DBD6F-1E6A-42FD-8BB8-45DB5F5FCBAC}.Release|Any CPU.ActiveCfg = Release|Any CPU
		{D18DBD6F-1E6A-42FD-8BB8-45DB5F5FCBAC}.Release|Any CPU.Build.0 = Release|Any CPU
		{DA4709FF-9B68-4CD8-9139-CBF5A3153F97}.Debug|Any CPU.ActiveCfg = Debug|Any CPU
		{DA4709FF-9B68-4CD8-9139-CBF5A3153F97}.Debug|Any CPU.Build.0 = Debug|Any CPU
		{DA4709FF-9B68-4CD8-9139-CBF5A3153F97}.Release|Any CPU.ActiveCfg = Release|Any CPU
		{DA4709FF-9B68-4CD8-9139-CBF5A3153F97}.Release|Any CPU.Build.0 = Release|Any CPU
		{0DDE5189-4FFB-413D-81C8-B3E3FE019A42}.Debug|Any CPU.ActiveCfg = Debug|Any CPU
		{0DDE5189-4FFB-413D-81C8-B3E3FE019A42}.Debug|Any CPU.Build.0 = Debug|Any CPU
		{0DDE5189-4FFB-413D-81C8-B3E3FE019A42}.Release|Any CPU.ActiveCfg = Release|Any CPU
		{0DDE5189-4FFB-413D-81C8-B3E3FE019A42}.Release|Any CPU.Build.0 = Release|Any CPU
		{F66C54F7-F0D4-4CAC-B951-D8BAF1E7F2BB}.Debug|Any CPU.ActiveCfg = Debug|Any CPU
		{F66C54F7-F0D4-4CAC-B951-D8BAF1E7F2BB}.Debug|Any CPU.Build.0 = Debug|Any CPU
		{F66C54F7-F0D4-4CAC-B951-D8BAF1E7F2BB}.Release|Any CPU.ActiveCfg = Release|Any CPU
		{F66C54F7-F0D4-4CAC-B951-D8BAF1E7F2BB}.Release|Any CPU.Build.0 = Release|Any CPU
		{6F0E2DB1-1C80-46C9-958E-00CB0751EEE7}.Debug|Any CPU.ActiveCfg = Debug|Any CPU
		{6F0E2DB1-1C80-46C9-958E-00CB0751EEE7}.Debug|Any CPU.Build.0 = Debug|Any CPU
		{6F0E2DB1-1C80-46C9-958E-00CB0751EEE7}.Release|Any CPU.ActiveCfg = Release|Any CPU
		{6F0E2DB1-1C80-46C9-958E-00CB0751EEE7}.Release|Any CPU.Build.0 = Release|Any CPU
		{07B5418A-D940-4C7F-8123-77F89A6BC323}.Debug|Any CPU.ActiveCfg = Debug|Any CPU
		{07B5418A-D940-4C7F-8123-77F89A6BC323}.Debug|Any CPU.Build.0 = Debug|Any CPU
		{07B5418A-D940-4C7F-8123-77F89A6BC323}.Release|Any CPU.ActiveCfg = Release|Any CPU
		{07B5418A-D940-4C7F-8123-77F89A6BC323}.Release|Any CPU.Build.0 = Release|Any CPU
	EndGlobalSection
	GlobalSection(SolutionProperties) = preSolution
		HideSolutionNode = FALSE
	EndGlobalSection
	GlobalSection(NestedProjects) = preSolution
		{D18DBD6F-1E6A-42FD-8BB8-45DB5F5FCBAC} = {24E99F15-8707-4AC3-9A96-B89728607294}
		{DA4709FF-9B68-4CD8-9139-CBF5A3153F97} = {24E99F15-8707-4AC3-9A96-B89728607294}
		{0DDE5189-4FFB-413D-81C8-B3E3FE019A42} = {04255D70-EA18-4CAB-ACF7-597F7EE13294}
		{F66C54F7-F0D4-4CAC-B951-D8BAF1E7F2BB} = {04255D70-EA18-4CAB-ACF7-597F7EE13294}
		{6F0E2DB1-1C80-46C9-958E-00CB0751EEE7} = {2E1F4477-5A48-4010-8289-69F4833AD0D8}
		{07B5418A-D940-4C7F-8123-77F89A6BC323} = {04FA0FEB-7655-45AB-94A8-C7DEA8768D78}
	EndGlobalSection
	GlobalSection(ExtensibilityGlobals) = postSolution
		SolutionGuid = {F62841D5-44C0-4CD6-891F-26C7E9369122}
	EndGlobalSection
EndGlobal
