Microsoft Visual Studio Solution File, Format Version 12.00
# Visual Studio Version 16
VisualStudioVersion = 16.0.28705.295
MinimumVisualStudioVersion = 10.0.40219.1
Project("{2150E333-8FDC-42A3-9474-1A3956D46DE8}") = "Web", "Web", "{04FA0FEB-7655-45AB-94A8-C7DEA8768D78}"
EndProject
Project("{2150E333-8FDC-42A3-9474-1A3956D46DE8}") = "Data", "Data", "{24E99F15-8707-4AC3-9A96-B89728607294}"
EndProject
Project("{2150E333-8FDC-42A3-9474-1A3956D46DE8}") = "Common", "Common", "{2E1F4477-5A48-4010-8289-69F4833AD0D8}"
EndProject
Project("{2150E333-8FDC-42A3-9474-1A3956D46DE8}") = "Services", "Services", "{04255D70-EA18-4CAB-ACF7-597F7EE13294}"
EndProject
Project("{9A19103F-16F7-4668-BE54-9A1E7A4F7556}") = "BankSystem.Common", "Common\BankSystem.Common\BankSystem.Common.csproj", "{6F0E2DB1-1C80-46C9-958E-00CB0751EEE7}"
EndProject
Project("{9A19103F-16F7-4668-BE54-9A1E7A4F7556}") = "BankSystem.Web", "Web\BankSystem.Web\BankSystem.Web.csproj", "{07B5418A-D940-4C7F-8123-77F89A6BC323}"
EndProject
Project("{2150E333-8FDC-42A3-9474-1A3956D46DE8}") = "Api", "Api", "{92909BE0-869E-4249-AD5A-1C89D91B2D9A}"
EndProject
Project("{9A19103F-16F7-4668-BE54-9A1E7A4F7556}") = "CentralApi", "Web\Api\CentralApi\CentralApi.csproj", "{E24FACD3-5589-4E89-B256-7636617D8D16}"
EndProject
Project("{2150E333-8FDC-42A3-9474-1A3956D46DE8}") = "BankSystem", "BankSystem", "{D35BB505-51F7-4D7A-B7CB-498338D33775}"
EndProject
Project("{9A19103F-16F7-4668-BE54-9A1E7A4F7556}") = "BankSystem.Data", "Data\BankSystem\BankSystem.Data\BankSystem.Data.csproj", "{CFA94008-4593-419F-B766-DF4F4F610C7F}"
EndProject
Project("{9A19103F-16F7-4668-BE54-9A1E7A4F7556}") = "BankSystem.Models", "Data\BankSystem\BankSystem.Models\BankSystem.Models.csproj", "{B93D7B98-9E8F-431F-BD91-EEE4723DA08C}"
EndProject
Project("{2150E333-8FDC-42A3-9474-1A3956D46DE8}") = "CentralApi", "CentralApi", "{A5A2B017-8FE3-4120-ACC3-2A06F65809F7}"
EndProject
Project("{9A19103F-16F7-4668-BE54-9A1E7A4F7556}") = "CentralApi.Data", "Data\CentralApi\CentralApi.Data\CentralApi.Data.csproj", "{ABCBB296-272C-4536-BB9D-C5BBD51F2788}"
EndProject
Project("{2150E333-8FDC-42A3-9474-1A3956D46DE8}") = "BankSystem", "BankSystem", "{0A5801DF-AA1D-437D-B2F1-50A8CD225B5F}"
EndProject
Project("{9A19103F-16F7-4668-BE54-9A1E7A4F7556}") = "BankSystem.Services", "Services\BankSystem\BankSystem.Services\BankSystem.Services.csproj", "{B9740133-9D26-445E-A2BE-131C01D250E3}"
EndProject
Project("{9A19103F-16F7-4668-BE54-9A1E7A4F7556}") = "BankSystem.Services.Models", "Services\BankSystem\BankSystem.Services.Models\BankSystem.Services.Models.csproj", "{E2592FD3-AB2C-4CCB-B491-1F69AF7E0492}"
EndProject
Project("{2150E333-8FDC-42A3-9474-1A3956D46DE8}") = "CentralApi", "CentralApi", "{33F856A4-7EBB-44AB-8012-770D47167188}"
EndProject
Project("{9A19103F-16F7-4668-BE54-9A1E7A4F7556}") = "CentralApi.Services", "Services\CentralApi\CentralApi.Services\CentralApi.Services.csproj", "{7B0D1F2A-D4DC-42DE-82E3-162E9CB9FA0F}"
EndProject
Project("{9A19103F-16F7-4668-BE54-9A1E7A4F7556}") = "CentralApi.Services.Models", "Services\CentralApi\CentralApi.Services.Models\CentralApi.Services.Models.csproj", "{308141D9-3410-4FF7-BFA1-1C05BC82692B}"
EndProject
Project("{9A19103F-16F7-4668-BE54-9A1E7A4F7556}") = "CentralApi.Models", "Data\CentralApi\CentralApi.Models\CentralApi.Models.csproj", "{7C53E472-623C-4D2D-88F9-8AD11B8CE9DF}"
EndProject
Project("{9A19103F-16F7-4668-BE54-9A1E7A4F7556}") = "DemoShop.Web", "DemoShop\DemoShop.Web\DemoShop.Web.csproj", "{0EADF2A2-67DF-414A-9C51-D3F036420A81}"
EndProject
Project("{9A19103F-16F7-4668-BE54-9A1E7A4F7556}") = "DemoShop.Data", "DemoShop\DemoShop.Data\DemoShop.Data.csproj", "{6A4F7773-3930-4125-A46A-14C95438CA8F}"
EndProject
Project("{9A19103F-16F7-4668-BE54-9A1E7A4F7556}") = "DemoShop.Models", "DemoShop\DemoShop.Models\DemoShop.Models.csproj", "{9EE1C717-0592-4AAE-B478-A22FEFEC2D2C}"
EndProject
Project("{9A19103F-16F7-4668-BE54-9A1E7A4F7556}") = "DemoShop.Services", "DemoShop\DemoShop.Services\DemoShop.Services.csproj", "{9F8EB6C7-7842-4DB3-9272-C7E76F758E0D}"
EndProject
Project("{9A19103F-16F7-4668-BE54-9A1E7A4F7556}") = "DemoShop.Services.Models", "DemoShop\DemoShop.Services.Models\DemoShop.Services.Models.csproj", "{F981E67D-3E67-4DA4-890F-71FECDA5CCD0}"
EndProject
Project("{2150E333-8FDC-42A3-9474-1A3956D46DE8}") = "DemoShop", "DemoShop", "{7F15886F-2EED-43F7-9334-1E205F0B71BB}"
EndProject
Project("{2150E333-8FDC-42A3-9474-1A3956D46DE8}") = "Tests", "Tests", "{996251B7-5C3E-4139-A666-5DF724ACF871}"
EndProject
Project("{9A19103F-16F7-4668-BE54-9A1E7A4F7556}") = "BankSystem.Services.Tests", "Tests\BankSystem.Services.Tests\BankSystem.Services.Tests.csproj", "{4F179C66-34AA-4B3E-A32B-0E6E4A435E13}"
EndProject
Project("{FAE04EC0-301F-11D3-BF4B-00C04F79EFBC}") = "CentralApi.Services.Tests", "Tests\CentralApi.Services.Tests\CentralApi.Services.Tests.csproj", "{3A3C1041-B93B-41C8-BBC3-8777BECDD534}"
EndProject
Project("{2150E333-8FDC-42A3-9474-1A3956D46DE8}") = "RSAKeyGenerator", "RSAKeyGenerator", "{DB5E7901-D5E7-472F-92D9-19B701C8A0E8}"
EndProject
Project("{FAE04EC0-301F-11D3-BF4B-00C04F79EFBC}") = "RSAGenerator", "RSAKeyGenerator\RSAGenerator\RSAGenerator.csproj", "{BF5D251C-650D-4E4C-9D12-FCB94589A8FE}"
EndProject
Global
	GlobalSection(SolutionConfigurationPlatforms) = preSolution
		Debug|Any CPU = Debug|Any CPU
		Release|Any CPU = Release|Any CPU
	EndGlobalSection
	GlobalSection(ProjectConfigurationPlatforms) = postSolution
		{6F0E2DB1-1C80-46C9-958E-00CB0751EEE7}.Debug|Any CPU.ActiveCfg = Debug|Any CPU
		{6F0E2DB1-1C80-46C9-958E-00CB0751EEE7}.Debug|Any CPU.Build.0 = Debug|Any CPU
		{6F0E2DB1-1C80-46C9-958E-00CB0751EEE7}.Release|Any CPU.ActiveCfg = Release|Any CPU
		{6F0E2DB1-1C80-46C9-958E-00CB0751EEE7}.Release|Any CPU.Build.0 = Release|Any CPU
		{07B5418A-D940-4C7F-8123-77F89A6BC323}.Debug|Any CPU.ActiveCfg = Debug|Any CPU
		{07B5418A-D940-4C7F-8123-77F89A6BC323}.Debug|Any CPU.Build.0 = Debug|Any CPU
		{07B5418A-D940-4C7F-8123-77F89A6BC323}.Release|Any CPU.ActiveCfg = Release|Any CPU
		{07B5418A-D940-4C7F-8123-77F89A6BC323}.Release|Any CPU.Build.0 = Release|Any CPU
		{E24FACD3-5589-4E89-B256-7636617D8D16}.Debug|Any CPU.ActiveCfg = Debug|Any CPU
		{E24FACD3-5589-4E89-B256-7636617D8D16}.Debug|Any CPU.Build.0 = Debug|Any CPU
		{E24FACD3-5589-4E89-B256-7636617D8D16}.Release|Any CPU.ActiveCfg = Release|Any CPU
		{E24FACD3-5589-4E89-B256-7636617D8D16}.Release|Any CPU.Build.0 = Release|Any CPU
		{CFA94008-4593-419F-B766-DF4F4F610C7F}.Debug|Any CPU.ActiveCfg = Debug|Any CPU
		{CFA94008-4593-419F-B766-DF4F4F610C7F}.Debug|Any CPU.Build.0 = Debug|Any CPU
		{CFA94008-4593-419F-B766-DF4F4F610C7F}.Release|Any CPU.ActiveCfg = Release|Any CPU
		{CFA94008-4593-419F-B766-DF4F4F610C7F}.Release|Any CPU.Build.0 = Release|Any CPU
		{B93D7B98-9E8F-431F-BD91-EEE4723DA08C}.Debug|Any CPU.ActiveCfg = Debug|Any CPU
		{B93D7B98-9E8F-431F-BD91-EEE4723DA08C}.Debug|Any CPU.Build.0 = Debug|Any CPU
		{B93D7B98-9E8F-431F-BD91-EEE4723DA08C}.Release|Any CPU.ActiveCfg = Release|Any CPU
		{B93D7B98-9E8F-431F-BD91-EEE4723DA08C}.Release|Any CPU.Build.0 = Release|Any CPU
		{ABCBB296-272C-4536-BB9D-C5BBD51F2788}.Debug|Any CPU.ActiveCfg = Debug|Any CPU
		{ABCBB296-272C-4536-BB9D-C5BBD51F2788}.Debug|Any CPU.Build.0 = Debug|Any CPU
		{ABCBB296-272C-4536-BB9D-C5BBD51F2788}.Release|Any CPU.ActiveCfg = Release|Any CPU
		{ABCBB296-272C-4536-BB9D-C5BBD51F2788}.Release|Any CPU.Build.0 = Release|Any CPU
		{B9740133-9D26-445E-A2BE-131C01D250E3}.Debug|Any CPU.ActiveCfg = Debug|Any CPU
		{B9740133-9D26-445E-A2BE-131C01D250E3}.Debug|Any CPU.Build.0 = Debug|Any CPU
		{B9740133-9D26-445E-A2BE-131C01D250E3}.Release|Any CPU.ActiveCfg = Release|Any CPU
		{B9740133-9D26-445E-A2BE-131C01D250E3}.Release|Any CPU.Build.0 = Release|Any CPU
		{E2592FD3-AB2C-4CCB-B491-1F69AF7E0492}.Debug|Any CPU.ActiveCfg = Debug|Any CPU
		{E2592FD3-AB2C-4CCB-B491-1F69AF7E0492}.Debug|Any CPU.Build.0 = Debug|Any CPU
		{E2592FD3-AB2C-4CCB-B491-1F69AF7E0492}.Release|Any CPU.ActiveCfg = Release|Any CPU
		{E2592FD3-AB2C-4CCB-B491-1F69AF7E0492}.Release|Any CPU.Build.0 = Release|Any CPU
		{7B0D1F2A-D4DC-42DE-82E3-162E9CB9FA0F}.Debug|Any CPU.ActiveCfg = Debug|Any CPU
		{7B0D1F2A-D4DC-42DE-82E3-162E9CB9FA0F}.Debug|Any CPU.Build.0 = Debug|Any CPU
		{7B0D1F2A-D4DC-42DE-82E3-162E9CB9FA0F}.Release|Any CPU.ActiveCfg = Release|Any CPU
		{7B0D1F2A-D4DC-42DE-82E3-162E9CB9FA0F}.Release|Any CPU.Build.0 = Release|Any CPU
		{308141D9-3410-4FF7-BFA1-1C05BC82692B}.Debug|Any CPU.ActiveCfg = Debug|Any CPU
		{308141D9-3410-4FF7-BFA1-1C05BC82692B}.Debug|Any CPU.Build.0 = Debug|Any CPU
		{308141D9-3410-4FF7-BFA1-1C05BC82692B}.Release|Any CPU.ActiveCfg = Release|Any CPU
		{308141D9-3410-4FF7-BFA1-1C05BC82692B}.Release|Any CPU.Build.0 = Release|Any CPU
		{7C53E472-623C-4D2D-88F9-8AD11B8CE9DF}.Debug|Any CPU.ActiveCfg = Debug|Any CPU
		{7C53E472-623C-4D2D-88F9-8AD11B8CE9DF}.Debug|Any CPU.Build.0 = Debug|Any CPU
		{7C53E472-623C-4D2D-88F9-8AD11B8CE9DF}.Release|Any CPU.ActiveCfg = Release|Any CPU
		{7C53E472-623C-4D2D-88F9-8AD11B8CE9DF}.Release|Any CPU.Build.0 = Release|Any CPU
		{0EADF2A2-67DF-414A-9C51-D3F036420A81}.Debug|Any CPU.ActiveCfg = Debug|Any CPU
		{0EADF2A2-67DF-414A-9C51-D3F036420A81}.Debug|Any CPU.Build.0 = Debug|Any CPU
		{0EADF2A2-67DF-414A-9C51-D3F036420A81}.Release|Any CPU.ActiveCfg = Release|Any CPU
		{0EADF2A2-67DF-414A-9C51-D3F036420A81}.Release|Any CPU.Build.0 = Release|Any CPU
		{6A4F7773-3930-4125-A46A-14C95438CA8F}.Debug|Any CPU.ActiveCfg = Debug|Any CPU
		{6A4F7773-3930-4125-A46A-14C95438CA8F}.Debug|Any CPU.Build.0 = Debug|Any CPU
		{6A4F7773-3930-4125-A46A-14C95438CA8F}.Release|Any CPU.ActiveCfg = Release|Any CPU
		{6A4F7773-3930-4125-A46A-14C95438CA8F}.Release|Any CPU.Build.0 = Release|Any CPU
		{9EE1C717-0592-4AAE-B478-A22FEFEC2D2C}.Debug|Any CPU.ActiveCfg = Debug|Any CPU
		{9EE1C717-0592-4AAE-B478-A22FEFEC2D2C}.Debug|Any CPU.Build.0 = Debug|Any CPU
		{9EE1C717-0592-4AAE-B478-A22FEFEC2D2C}.Release|Any CPU.ActiveCfg = Release|Any CPU
		{9EE1C717-0592-4AAE-B478-A22FEFEC2D2C}.Release|Any CPU.Build.0 = Release|Any CPU
		{9F8EB6C7-7842-4DB3-9272-C7E76F758E0D}.Debug|Any CPU.ActiveCfg = Debug|Any CPU
		{9F8EB6C7-7842-4DB3-9272-C7E76F758E0D}.Debug|Any CPU.Build.0 = Debug|Any CPU
		{9F8EB6C7-7842-4DB3-9272-C7E76F758E0D}.Release|Any CPU.ActiveCfg = Release|Any CPU
		{9F8EB6C7-7842-4DB3-9272-C7E76F758E0D}.Release|Any CPU.Build.0 = Release|Any CPU
		{F981E67D-3E67-4DA4-890F-71FECDA5CCD0}.Debug|Any CPU.ActiveCfg = Debug|Any CPU
		{F981E67D-3E67-4DA4-890F-71FECDA5CCD0}.Debug|Any CPU.Build.0 = Debug|Any CPU
		{F981E67D-3E67-4DA4-890F-71FECDA5CCD0}.Release|Any CPU.ActiveCfg = Release|Any CPU
		{F981E67D-3E67-4DA4-890F-71FECDA5CCD0}.Release|Any CPU.Build.0 = Release|Any CPU
		{4F179C66-34AA-4B3E-A32B-0E6E4A435E13}.Debug|Any CPU.ActiveCfg = Debug|Any CPU
		{4F179C66-34AA-4B3E-A32B-0E6E4A435E13}.Debug|Any CPU.Build.0 = Debug|Any CPU
		{4F179C66-34AA-4B3E-A32B-0E6E4A435E13}.Release|Any CPU.ActiveCfg = Release|Any CPU
		{4F179C66-34AA-4B3E-A32B-0E6E4A435E13}.Release|Any CPU.Build.0 = Release|Any CPU
		{3A3C1041-B93B-41C8-BBC3-8777BECDD534}.Debug|Any CPU.ActiveCfg = Debug|Any CPU
		{3A3C1041-B93B-41C8-BBC3-8777BECDD534}.Debug|Any CPU.Build.0 = Debug|Any CPU
		{3A3C1041-B93B-41C8-BBC3-8777BECDD534}.Release|Any CPU.ActiveCfg = Release|Any CPU
		{3A3C1041-B93B-41C8-BBC3-8777BECDD534}.Release|Any CPU.Build.0 = Release|Any CPU
		{BF5D251C-650D-4E4C-9D12-FCB94589A8FE}.Debug|Any CPU.ActiveCfg = Debug|Any CPU
		{BF5D251C-650D-4E4C-9D12-FCB94589A8FE}.Debug|Any CPU.Build.0 = Debug|Any CPU
		{BF5D251C-650D-4E4C-9D12-FCB94589A8FE}.Release|Any CPU.ActiveCfg = Release|Any CPU
		{BF5D251C-650D-4E4C-9D12-FCB94589A8FE}.Release|Any CPU.Build.0 = Release|Any CPU
	EndGlobalSection
	GlobalSection(SolutionProperties) = preSolution
		HideSolutionNode = FALSE
	EndGlobalSection
	GlobalSection(NestedProjects) = preSolution
		{6F0E2DB1-1C80-46C9-958E-00CB0751EEE7} = {2E1F4477-5A48-4010-8289-69F4833AD0D8}
		{07B5418A-D940-4C7F-8123-77F89A6BC323} = {04FA0FEB-7655-45AB-94A8-C7DEA8768D78}
		{92909BE0-869E-4249-AD5A-1C89D91B2D9A} = {04FA0FEB-7655-45AB-94A8-C7DEA8768D78}
		{E24FACD3-5589-4E89-B256-7636617D8D16} = {92909BE0-869E-4249-AD5A-1C89D91B2D9A}
		{D35BB505-51F7-4D7A-B7CB-498338D33775} = {24E99F15-8707-4AC3-9A96-B89728607294}
		{CFA94008-4593-419F-B766-DF4F4F610C7F} = {D35BB505-51F7-4D7A-B7CB-498338D33775}
		{B93D7B98-9E8F-431F-BD91-EEE4723DA08C} = {D35BB505-51F7-4D7A-B7CB-498338D33775}
		{A5A2B017-8FE3-4120-ACC3-2A06F65809F7} = {24E99F15-8707-4AC3-9A96-B89728607294}
		{ABCBB296-272C-4536-BB9D-C5BBD51F2788} = {A5A2B017-8FE3-4120-ACC3-2A06F65809F7}
		{0A5801DF-AA1D-437D-B2F1-50A8CD225B5F} = {04255D70-EA18-4CAB-ACF7-597F7EE13294}
		{B9740133-9D26-445E-A2BE-131C01D250E3} = {0A5801DF-AA1D-437D-B2F1-50A8CD225B5F}
		{E2592FD3-AB2C-4CCB-B491-1F69AF7E0492} = {0A5801DF-AA1D-437D-B2F1-50A8CD225B5F}
		{33F856A4-7EBB-44AB-8012-770D47167188} = {04255D70-EA18-4CAB-ACF7-597F7EE13294}
		{7B0D1F2A-D4DC-42DE-82E3-162E9CB9FA0F} = {33F856A4-7EBB-44AB-8012-770D47167188}
		{308141D9-3410-4FF7-BFA1-1C05BC82692B} = {33F856A4-7EBB-44AB-8012-770D47167188}
		{7C53E472-623C-4D2D-88F9-8AD11B8CE9DF} = {A5A2B017-8FE3-4120-ACC3-2A06F65809F7}
		{0EADF2A2-67DF-414A-9C51-D3F036420A81} = {7F15886F-2EED-43F7-9334-1E205F0B71BB}
		{6A4F7773-3930-4125-A46A-14C95438CA8F} = {7F15886F-2EED-43F7-9334-1E205F0B71BB}
		{9EE1C717-0592-4AAE-B478-A22FEFEC2D2C} = {7F15886F-2EED-43F7-9334-1E205F0B71BB}
		{9F8EB6C7-7842-4DB3-9272-C7E76F758E0D} = {7F15886F-2EED-43F7-9334-1E205F0B71BB}
		{F981E67D-3E67-4DA4-890F-71FECDA5CCD0} = {7F15886F-2EED-43F7-9334-1E205F0B71BB}
		{4F179C66-34AA-4B3E-A32B-0E6E4A435E13} = {996251B7-5C3E-4139-A666-5DF724ACF871}
		{3A3C1041-B93B-41C8-BBC3-8777BECDD534} = {996251B7-5C3E-4139-A666-5DF724ACF871}
		{BF5D251C-650D-4E4C-9D12-FCB94589A8FE} = {DB5E7901-D5E7-472F-92D9-19B701C8A0E8}
	EndGlobalSection
	GlobalSection(ExtensibilityGlobals) = postSolution
		SolutionGuid = {F62841D5-44C0-4CD6-891F-26C7E9369122}
	EndGlobalSection
EndGlobal
